<?xml version="1.0" encoding="utf-8"?>
<Project xmlns="http://schemas.microsoft.com/developer/msbuild/2003">
  <PropertyGroup>
    <ProjectGuid>{7343542f-7bb8-4af8-8124-229557ce63a7}</ProjectGuid>
    <MainSource>EDSport.dpr</MainSource>
    <Configuration Condition=" '$(Configuration)' == '' ">Debug</Configuration>
    <Platform Condition=" '$(Platform)' == '' ">AnyCPU</Platform>
    <DCC_DCCCompiler>DCC32</DCC_DCCCompiler>
    <DCC_DependencyCheckOutputName>..\Release\EDSport.exe</DCC_DependencyCheckOutputName>
    <DCC_UsePackage>vcl;rtl;vclx;vclactnband;xmlrtl;dbrtl;vcldb;bdertl;dsnap;dsnapcon;adortl;IndyCore;IndySystem;IndyProtocols;VclSmp;vclie;inet;inetdbbde;inetdbxpress;DevExpressD2007;DevExpressSkinD2007;dclDevExpressSkinD2007;DevExpressSkinStore;teeUI;teedb;tee;CompressD2007;MPHexEditorD2007;IocompRADStudio2007;SynEdit_R2007;CPortLibD2007;websnap;webdsnap;PerlRegExD2007;hmToolsD2007;hmStdCmptD2007;Rave75VCL</DCC_UsePackage>
  </PropertyGroup>
  <PropertyGroup Condition=" '$(Configuration)|$(Platform)' == 'Release|AnyCPU' ">
    <Version>7.0</Version>
    <DCC_DebugInformation>False</DCC_DebugInformation>
    <DCC_LocalDebugSymbols>False</DCC_LocalDebugSymbols>
    <DCC_SymbolReferenceInfo>0</DCC_SymbolReferenceInfo>
    <DCC_ExeOutput>..\Release</DCC_ExeOutput>
    <DCC_DcuOutput>..\Objects</DCC_DcuOutput>
    <DCC_ObjOutput>..\Objects</DCC_ObjOutput>
    <DCC_HppOutput>..\Objects</DCC_HppOutput>
    <DCC_UnitSearchPath>$(HunMing)\Delphi\VCL\OthCmpt\TComPort301\Source;Q:\WiseLeg\Delphi\TComPort301;Q:\WiseLeg\Delphi\TComPort301\Source</DCC_UnitSearchPath>
    <DCC_ResourcePath>$(HunMing)\Delphi\VCL\OthCmpt\TComPort301\Source;Q:\WiseLeg\Delphi\TComPort301;Q:\WiseLeg\Delphi\TComPort301\Source</DCC_ResourcePath>
    <DCC_ObjPath>$(HunMing)\Delphi\VCL\OthCmpt\TComPort301\Source;Q:\WiseLeg\Delphi\TComPort301;Q:\WiseLeg\Delphi\TComPort301\Source</DCC_ObjPath>
    <DCC_IncludePath>$(HunMing)\Delphi\VCL\OthCmpt\TComPort301\Source;Q:\WiseLeg\Delphi\TComPort301;Q:\WiseLeg\Delphi\TComPort301\Source</DCC_IncludePath>
    <DCC_Define>EDSport;RELEASE</DCC_Define>
  </PropertyGroup>
  <PropertyGroup Condition=" '$(Configuration)|$(Platform)' == 'Debug|AnyCPU' ">
    <Version>7.0</Version>
    <DCC_ExeOutput>..\Release</DCC_ExeOutput>
    <DCC_DcuOutput>..\Objects</DCC_DcuOutput>
    <DCC_ObjOutput>..\Objects</DCC_ObjOutput>
    <DCC_HppOutput>..\Objects</DCC_HppOutput>
    <DCC_UnitSearchPath>Q:\WiseLeg\Delphi\HexEdit\Source;Q:\WiseLeg\Delphi\TComPort301;Q:\WiseLeg\Delphi\TComPort301\Source</DCC_UnitSearchPath>
    <DCC_ResourcePath>Q:\WiseLeg\Delphi\HexEdit\Source;Q:\WiseLeg\Delphi\TComPort301;Q:\WiseLeg\Delphi\TComPort301\Source</DCC_ResourcePath>
    <DCC_ObjPath>Q:\WiseLeg\Delphi\HexEdit\Source;Q:\WiseLeg\Delphi\TComPort301;Q:\WiseLeg\Delphi\TComPort301\Source</DCC_ObjPath>
    <DCC_IncludePath>Q:\WiseLeg\Delphi\HexEdit\Source;Q:\WiseLeg\Delphi\TComPort301;Q:\WiseLeg\Delphi\TComPort301\Source</DCC_IncludePath>
    <DCC_Define>EDSport;DEBUG</DCC_Define>
  </PropertyGroup>
  <ProjectExtensions>
    <Borland.Personality>Delphi.Personality</Borland.Personality>
    <Borland.ProjectType>VCLApplication</Borland.ProjectType>
    <BorlandProject>
<BorlandProject><Delphi.Personality><Parameters><Parameters Name="UseLauncher">False</Parameters><Parameters Name="LoadAllSymbols">True</Parameters><Parameters Name="LoadUnspecifiedSymbols">False</Parameters></Parameters><Language><Language Name="RootDir">C:\Borland\Delphi6\Bin\</Language></Language><VersionInfo><VersionInfo Name="IncludeVerInfo">True</VersionInfo><VersionInfo Name="AutoIncBuild">False</VersionInfo><VersionInfo Name="MajorVer">1</VersionInfo><VersionInfo Name="MinorVer">0</VersionInfo><VersionInfo Name="Release">0</VersionInfo><VersionInfo Name="Build">138</VersionInfo><VersionInfo Name="Debug">False</VersionInfo><VersionInfo Name="PreRelease">False</VersionInfo><VersionInfo Name="Special">False</VersionInfo><VersionInfo Name="Private">False</VersionInfo><VersionInfo Name="DLL">False</VersionInfo><VersionInfo Name="Locale">2052</VersionInfo><VersionInfo Name="CodePage">936</VersionInfo></VersionInfo><VersionInfoKeys><VersionInfoKeys Name="CompanyName">HunMing Studio</VersionInfoKeys><VersionInfoKeys Name="FileDescription">EDS port</VersionInfoKeys><VersionInfoKeys Name="FileVersion">1.0.0.138</VersionInfoKeys><VersionInfoKeys Name="InternalName">EDSport</VersionInfoKeys><VersionInfoKeys Name="LegalCopyright">Copyright Hunming Studio</VersionInfoKeys><VersionInfoKeys Name="LegalTrademarks"></VersionInfoKeys><VersionInfoKeys Name="OriginalFilename">EDSport</VersionInfoKeys><VersionInfoKeys Name="ProductName">EDS port</VersionInfoKeys><VersionInfoKeys Name="ProductVersion">1.0.0.0</VersionInfoKeys><VersionInfoKeys Name="Comments"></VersionInfoKeys><VersionInfoKeys Name="LastCompiledTime">2017-06-28 18:35</VersionInfoKeys></VersionInfoKeys><Source><Source Name="MainSource">EDSport.dpr</Source></Source></Delphi.Personality></BorlandProject></BorlandProject>
  </ProjectExtensions>
  <Import Project="$(MSBuildBinPath)\Borland.Delphi.Targets" />
  <ItemGroup>
    <DelphiCompile Include="EDSport.dpr">
      <MainSource>MainSource</MainSource>
    </DelphiCompile>
    <DCCReference Include="..\..\..\#Library#\CRC\ForDelphi\CrcUtil.pas" />
    <DCCReference Include="..\..\..\#Library#\GAP\ForDelphi\v1.0\GAProtocol.pas" />
    <DCCReference Include="..\..\..\#Library#\USB\ForDelphi\WdmDeviceApi.pas" />
    <DCCReference Include="EDSport_form.pas">
      <Form>frmEDSport</Form>
    </DCCReference>
    <DCCReference Include="EDSport_Protocol.pas" />
  </ItemGroup>
</Project>